{
  "name": "Task3",
  "version": "0.0.1",
  "lockfileVersion": 1,
  "requires": true,
  "dependencies": {
    "ntp-client": {
      "version": "0.5.3",
      "resolved": "https://registry.npmjs.org/ntp-client/-/ntp-client-0.5.3.tgz",
      "integrity": "sha1-A8DI2mfj9Jl9oIPUaC3M4NkgijU="
    },
    "ntpsync": {
      "version": "0.2.3",
      "resolved": "https://registry.npmjs.org/ntpsync/-/ntpsync-0.2.3.tgz",
      "integrity": "sha1-d/3s7xStFtNPEvl07Q+bVhzbfwI=",
      "requires": {
        "ntp-client": "^0.5.3",
        "q": "^1.4.1"
      }
    },
    "q": {
      "version": "1.5.1",
      "resolved": "https://registry.npmjs.org/q/-/q-1.5.1.tgz",
      "integrity": "sha1-fjL3W0E4EpHQRhHxvxQQmsAGUdc="
    }
  }
}
