{
  "name": "Task3",
  "version": "0.0.1",
  "lockfileVersion": 1,
  "requires": true,
  "dependencies": {
    "ntp-client": {
      "version": "0.5.3",
      "resolved": "https://registry.npmjs.org/ntp-client/-/ntp-client-0.5.3.tgz",
      "integrity": "sha1-A8DI2mfj9Jl9oIPUaC3M4NkgijU="
    },
    "ntp-packet-parser": {
      "version": "0.1.0",
      "resolved": "https://registry.npmjs.org/ntp-packet-parser/-/ntp-packet-parser-0.1.0.tgz",
      "integrity": "sha512-gacKmXjyp3rsJqo4QOMKPp3MHGPDf0G3aN6CQTgnIXIj9O26vLiDT2mMAWrDl5SRRsk6pikakVFG67agxH87rg=="
    },
    "ntp-time-sync": {
      "version": "0.1.0",
      "resolved": "https://registry.npmjs.org/ntp-time-sync/-/ntp-time-sync-0.1.0.tgz",
      "integrity": "sha512-eIjRFWfXSvKOiDsKMyHoBK7IzU8tY1OWn75j1TW5Tg/dKTWLVEuufnhLiS1XjWfs14sTGmZVCjzTF9E1NqF4dw==",
      "requires": {
        "ntp-packet-parser": "^0.1.0"
      }
    },
    "ntpsync": {
      "version": "0.2.3",
      "resolved": "https://registry.npmjs.org/ntpsync/-/ntpsync-0.2.3.tgz",
      "integrity": "sha1-d/3s7xStFtNPEvl07Q+bVhzbfwI=",
      "requires": {
        "ntp-client": "^0.5.3",
        "q": "^1.4.1"
      }
    },
    "q": {
      "version": "1.5.1",
      "resolved": "https://registry.npmjs.org/q/-/q-1.5.1.tgz",
      "integrity": "sha1-fjL3W0E4EpHQRhHxvxQQmsAGUdc="
    }
  }
}
